<?xml version="1.0" encoding="utf-8"?>
<Project ToolsVersion="4.0" xmlns="http://schemas.microsoft.com/developer/msbuild/2003">
  <ItemGroup>
    <ClCompile Include="main.cpp" />
    <ClCompile Include="MSAAResolve_GL.cpp" />
    <ClCompile Include="MSAAResolve_VK.cpp" />
  </ItemGroup>
  <ItemGroup>
    <None Include="fragment-shader.glsl" />
    <None Include="vertex-shader.glsl" />
  </ItemGroup>
  <ItemGroup>
    <Filter Include="glad">
      <UniqueIdentifier>{61f483ce-7965-4e0a-bd32-cd7096760013}</UniqueIdentifier>
    </Filter>
  </ItemGroup>
  <ItemGroup>
    <ClInclude Include="glad\egl.h">
      <Filter>glad</Filter>
    </ClInclude>
    <ClInclude Include="glad\gl.h">
      <Filter>glad</Filter>
    </ClInclude>
    <ClInclude Include="glad\glx.h">
      <Filter>glad</Filter>
    </ClInclude>
    <ClInclude Include="glad\wgl.h">
      <Filter>glad</Filter>
    </ClInclude>
    <ClInclude Include="incbin.h" />
    <ClInclude Include="MSAAResolve_GLVK.h" />
  </ItemGroup>
</Project>